{
  "name": "korisnicka-sucelja-projekt",
  "version": "1.0.0",
  "lockfileVersion": 3,
  "requires": true,
  "packages": {
    "": {
      "name": "korisnicka-sucelja-projekt",
      "version": "1.0.0",
      "license": "ISC",
      "dependencies": {
        "clsx": "^2.1.1",
        "react-dnd-touch-backend": "^16.0.1",
        "tailwind-merge": "^3.3.1"
      },
      "devDependencies": {}
    },
    "node_modules/@babel/runtime": {
      "version": "7.28.6",
      "resolved": "https://registry.npmjs.org/@babel/runtime/-/runtime-7.28.6.tgz",
      "integrity": "sha512-05WQkdpL9COIMz4LjTxGpPNCdlpyimKppYNoJ5Di5EUObifl8t4tuLuUBBZEpoLYOmfvIWrsp9fCl0HoPRVTdA==",
      "license": "MIT",
      "engines": {
        "node": ">=6.9.0"
      }
    },
    "node_modules/@react-dnd/asap": {
      "version": "5.0.2",
      "resolved": "https://registry.npmjs.org/@react-dnd/asap/-/asap-5.0.2.tgz",
      "integrity": "sha512-WLyfoHvxhs0V9U+GTsGilGgf2QsPl6ZZ44fnv0/b8T3nQyvzxidxsg/ZltbWssbsRDlYW8UKSQMTGotuTotZ6A==",
      "license": "MIT"
    },
    "node_modules/@react-dnd/invariant": {
      "version": "4.0.2",
      "resolved": "https://registry.npmjs.org/@react-dnd/invariant/-/invariant-4.0.2.tgz",
      "integrity": "sha512-xKCTqAK/FFauOM9Ta2pswIyT3D8AQlfrYdOi/toTPEhqCuAs1v5tcJ3Y08Izh1cJ5Jchwy9SeAXmMg6zrKs2iw==",
      "license": "MIT"
    },
    "node_modules/clsx": {
      "version": "2.1.1",
      "resolved": "https://registry.npmjs.org/clsx/-/clsx-2.1.1.tgz",
      "integrity": "sha512-eYm0QWBtUrBWZWG0d386OGAw16Z995PiOVo2B7bjWSbHedGl5e0ZWaq65kOGgUSNesEIDkB9ISbTg/JK9dhCZA==",
      "license": "MIT",
      "engines": {
        "node": ">=6"
      }
    },
    "node_modules/dnd-core": {
      "version": "16.0.1",
      "resolved": "https://registry.npmjs.org/dnd-core/-/dnd-core-16.0.1.tgz",
      "integrity": "sha512-HK294sl7tbw6F6IeuK16YSBUoorvHpY8RHO+9yFfaJyCDVb6n7PRcezrOEOa2SBCqiYpemh5Jx20ZcjKdFAVng==",
      "license": "MIT",
      "dependencies": {
        "@react-dnd/asap": "^5.0.1",
        "@react-dnd/invariant": "^4.0.1",
        "redux": "^4.2.0"
      }
    },
    "node_modules/react-dnd-touch-backend": {
      "version": "16.0.1",
      "resolved": "https://registry.npmjs.org/react-dnd-touch-backend/-/react-dnd-touch-backend-16.0.1.tgz",
      "integrity": "sha512-NonoCABzzjyWGZuDxSG77dbgMZ2Wad7eQiCd/ECtsR2/NBLTjGksPUx9UPezZ1nQ/L7iD130Tz3RUshL/ClKLA==",
      "license": "MIT",
      "dependencies": {
        "@react-dnd/invariant": "^4.0.1",
        "dnd-core": "^16.0.1"
      }
    },
    "node_modules/redux": {
      "version": "4.2.1",
      "resolved": "https://registry.npmjs.org/redux/-/redux-4.2.1.tgz",
      "integrity": "sha512-LAUYz4lc+Do8/g7aeRa8JkyDErK6ekstQaqWQrNRW//MY1TvCEpMtpTWvlQ+FPbWCx+Xixu/6SHt5N0HR+SB4w==",
      "license": "MIT",
      "dependencies": {
        "@babel/runtime": "^7.9.2"
      }
    },
    "node_modules/tailwind-merge": {
      "version": "3.3.1",
      "resolved": "https://registry.npmjs.org/tailwind-merge/-/tailwind-merge-3.3.1.tgz",
      "integrity": "sha512-gBXpgUm/3rp1lMZZrM/w7D8GKqshif0zAymAhbCyIt8KMe+0v9DQ7cdYLR4FHH/cKpdTXb+A/tKKU3eolfsI+g==",
      "license": "MIT",
      "funding": {
        "type": "github",
        "url": "https://github.com/sponsors/dcastil"
      }
    }
  }
}
